schema: '2.0'
stages:
  train:
    cmd: python src/train.py
    deps:
    - path: data/raw/dogs_vs_cats_subset
      hash: md5
      md5: e22f7c4da598ec166a62a9dcc8577d28.dir
      size: 29571089
      nfiles: 1301
    - path: params.yaml
      hash: md5
      md5: fbab06563466b5de863e4fea705a63aa
      size: 318
    - path: src/train.py
      hash: md5
      md5: 81ee9f01eff3a98b4ff7dc326d54d3b3
      size: 2617
    params:
      params.yaml:
        data.image_size: 64
        features.cells_per_block: 2
        features.orientations: 9
        features.pixels_per_cell: 8
        model.C: 0.1
        model.gamma: scale
        model.kernel: rbf
        seed: 42
    outs:
    - path: metrics.json
      hash: md5
      md5: 5f21b80203aaa87893e841e70aa8331a
      size: 58
    - path: models/model.joblib
      hash: md5
      md5: c81f69c299fd59a8ec3c228dab068967
      size: 14133723
